
Microsoft Visual Studio Solution File, Format Version 12.00
# Visual Studio Version 16
VisualStudioVersion = 16.0.810.14
MinimumVisualStudioVersion = 10.0.40219.1
Project("{FAE04EC0-301F-11D3-BF4B-00C04F79EFBC}") = "RazorPagesMovie", "RazorPagesMovie\RazorPagesMovie.csproj", "{C3AC8E0A-9B1B-44B1-B63C-E70E3AA14D58}"
EndProject
Global
	GlobalSection(SolutionConfigurationPlatforms) = preSolution
		Debug|Any CPU = Debug|Any CPU
		Release|Any CPU = Release|Any CPU
	EndGlobalSection
	GlobalSection(ProjectConfigurationPlatforms) = postSolution
		{C3AC8E0A-9B1B-44B1-B63C-E70E3AA14D58}.Debug|Any CPU.ActiveCfg = Debug|Any CPU
		{C3AC8E0A-9B1B-44B1-B63C-E70E3AA14D58}.Debug|Any CPU.Build.0 = Debug|Any CPU
		{C3AC8E0A-9B1B-44B1-B63C-E70E3AA14D58}.Release|Any CPU.ActiveCfg = Release|Any CPU
		{C3AC8E0A-9B1B-44B1-B63C-E70E3AA14D58}.Release|Any CPU.Build.0 = Release|Any CPU
	EndGlobalSection
	GlobalSection(SolutionProperties) = preSolution
		HideSolutionNode = FALSE
	EndGlobalSection
	GlobalSection(ExtensibilityGlobals) = postSolution
		SolutionGuid = {3E5DF83D-E17E-4999-9675-41EAF0078975}
	EndGlobalSection
EndGlobal
